<?xml version="1.0" encoding="utf-8"?>
<Project ToolsVersion="4.0" xmlns="http://schemas.microsoft.com/developer/msbuild/2003">
  <ItemGroup>
    <Filter Include="Source Files">
      <UniqueIdentifier>{4FC737F1-C7A5-4376-A066-2A32D752A2FF}</UniqueIdentifier>
      <Extensions>cpp;c;cc;cxx;c++;cppm;ixx;def;odl;idl;hpj;bat;asm;asmx</Extensions>
    </Filter>
    <Filter Include="Header Files">
      <UniqueIdentifier>{93995380-89BD-4b04-88EB-625FBE52EBFB}</UniqueIdentifier>
      <Extensions>h;hh;hpp;hxx;h++;hm;inl;inc;ipp;xsd</Extensions>
    </Filter>
    <Filter Include="Resource Files">
      <UniqueIdentifier>{67DA6AB6-F800-4c08-8B7A-83BB121AAD01}</UniqueIdentifier>
      <Extensions>rc;ico;cur;bmp;dlg;rc2;rct;bin;rgs;gif;jpg;jpeg;jpe;resx;tiff;tif;png;wav;mfcribbon-ms</Extensions>
    </Filter>
  </ItemGroup>
  <ItemGroup>
    <None Include="shaders\basic\default.hlsl" />
    <None Include="shaders\basic\light-utils.hlsl" />
    <None Include="shaders\effects\subdivision-gs.hlsl" />
    <None Include="shaders\effects\billboard-gs.hlsl" />
    <None Include="shaders\test-demos\cylinder-generator-gs.hlsl" />
    <None Include="shaders\effects\explosion-gs.hlsl" />
    <None Include="shaders\others\ver-normal-visible-gs.hlsl" />
    <None Include="shaders\others\tri-normal-visible-gs.hlsl" />
    <None Include="shaders\test-demos\vec-add-demo-cs.hlsl" />
    <None Include="shaders\postprocessing\gaussian-blur.hlsl" />
    <None Include="shaders\basic\cartoon.hlsl" />
    <None Include="shaders\effects\billboard-cartoon-gs.hlsl" />
    <None Include="shaders\test-demos\vec-length-demo-cs.hlsl" />
  </ItemGroup>
  <ItemGroup>
    <ClCompile Include="cppsrc\widgets\camera.cpp">
      <Filter>Source Files</Filter>
    </ClCompile>
    <ClCompile Include="cppsrc\d3dcore\d3dcore.cpp">
      <Filter>Source Files</Filter>
    </ClCompile>
    <ClCompile Include="cppsrc\toolbox\DDSTextureLoader.cpp">
      <Filter>Source Files</Filter>
    </ClCompile>
    <ClCompile Include="cppsrc\example\devfunc.cpp">
      <Filter>Source Files</Filter>
    </ClCompile>
    <ClCompile Include="cppsrc\utils\frame-async-utils.cpp">
      <Filter>Source Files</Filter>
    </ClCompile>
    <ClCompile Include="cppsrc\utils\geometry-utils.cpp">
      <Filter>Source Files</Filter>
    </ClCompile>
    <ClCompile Include="cppsrc\example\main.cpp">
      <Filter>Source Files</Filter>
    </ClCompile>
    <ClCompile Include="cppsrc\utils\math-utils.cpp">
      <Filter>Source Files</Filter>
    </ClCompile>
    <ClCompile Include="cppsrc\utils\render-item-utils.cpp">
      <Filter>Source Files</Filter>
    </ClCompile>
    <ClCompile Include="cppsrc\graphics\shader.cpp">
      <Filter>Source Files</Filter>
    </ClCompile>
    <ClCompile Include="cppsrc\utils\timer-utils.cpp">
      <Filter>Source Files</Filter>
    </ClCompile>
    <ClCompile Include="cppsrc\utils\vmesh-utils.cpp">
      <Filter>Source Files</Filter>
    </ClCompile>
    <ClCompile Include="cppsrc\postprocessing\blur-filter.cpp">
      <Filter>Source Files</Filter>
    </ClCompile>
    <ClCompile Include="cppsrc\postprocessing\basic-process.cpp">
      <Filter>Source Files</Filter>
    </ClCompile>
  </ItemGroup>
  <ItemGroup>
    <ClInclude Include="cppsrc\widgets\camera.h">
      <Filter>Header Files</Filter>
    </ClInclude>
    <ClInclude Include="cppsrc\d3dcore\d3dcore.h">
      <Filter>Header Files</Filter>
    </ClInclude>
    <ClInclude Include="cppsrc\toolbox\d3dx12.h">
      <Filter>Header Files</Filter>
    </ClInclude>
    <ClInclude Include="cppsrc\toolbox\DDSTextureLoader.h">
      <Filter>Header Files</Filter>
    </ClInclude>
    <ClInclude Include="cppsrc\utils\debugger.h">
      <Filter>Header Files</Filter>
    </ClInclude>
    <ClInclude Include="cppsrc\example\devfunc.h">
      <Filter>Header Files</Filter>
    </ClInclude>
    <ClInclude Include="cppsrc\d3dcore\frame-async.h">
      <Filter>Header Files</Filter>
    </ClInclude>
    <ClInclude Include="cppsrc\utils\frame-async-utils.h">
      <Filter>Header Files</Filter>
    </ClInclude>
    <ClInclude Include="cppsrc\utils\geometry-utils.h">
      <Filter>Header Files</Filter>
    </ClInclude>
    <ClInclude Include="cppsrc\graphics\light.h">
      <Filter>Header Files</Filter>
    </ClInclude>
    <ClInclude Include="cppsrc\graphics\material.h">
      <Filter>Header Files</Filter>
    </ClInclude>
    <ClInclude Include="cppsrc\utils\math-utils.h">
      <Filter>Header Files</Filter>
    </ClInclude>
    <ClInclude Include="cppsrc\utils\render-item-utils.h">
      <Filter>Header Files</Filter>
    </ClInclude>
    <ClInclude Include="cppsrc\graphics\shader.h">
      <Filter>Header Files</Filter>
    </ClInclude>
    <ClInclude Include="cppsrc\graphics\texture.h">
      <Filter>Header Files</Filter>
    </ClInclude>
    <ClInclude Include="cppsrc\widgets\timer.h">
      <Filter>Header Files</Filter>
    </ClInclude>
    <ClInclude Include="cppsrc\utils\timer-utils.h">
      <Filter>Header Files</Filter>
    </ClInclude>
    <ClInclude Include="cppsrc\graphics\vmesh.h">
      <Filter>Header Files</Filter>
    </ClInclude>
    <ClInclude Include="cppsrc\utils\vmesh-utils.h">
      <Filter>Header Files</Filter>
    </ClInclude>
    <ClInclude Include="cppsrc\postprocessing\blur-filter.h">
      <Filter>Header Files</Filter>
    </ClInclude>
    <ClInclude Include="cppsrc\postprocessing\basic-process.h">
      <Filter>Header Files</Filter>
    </ClInclude>
  </ItemGroup>
</Project>